
Microsoft Visual Studio Solution File, Format Version 12.00
# Visual Studio Version 17
VisualStudioVersion = 17.11.35327.3
MinimumVisualStudioVersion = 10.0.40219.1
Project("{FAE04EC0-301F-11D3-BF4B-00C04F79EFBC}") = "SportsStore", "SportsStore\SportsStore.csproj", "{7F339ECF-8EEB-4E78-A352-C65201D288A1}"
EndProject
Project("{FAE04EC0-301F-11D3-BF4B-00C04F79EFBC}") = "SportsStore.Tests", "SportsStore.Tests\SportsStore.Tests.csproj", "{688742F2-8B6D-4902-8F59-7F1CCA9A5B72}"
EndProject
Global
	GlobalSection(SolutionConfigurationPlatforms) = preSolution
		Debug|Any CPU = Debug|Any CPU
		Release|Any CPU = Release|Any CPU
	EndGlobalSection
	GlobalSection(ProjectConfigurationPlatforms) = postSolution
		{7F339ECF-8EEB-4E78-A352-C65201D288A1}.Debug|Any CPU.ActiveCfg = Debug|Any CPU
		{7F339ECF-8EEB-4E78-A352-C65201D288A1}.Debug|Any CPU.Build.0 = Debug|Any CPU
		{7F339ECF-8EEB-4E78-A352-C65201D288A1}.Release|Any CPU.ActiveCfg = Release|Any CPU
		{7F339ECF-8EEB-4E78-A352-C65201D288A1}.Release|Any CPU.Build.0 = Release|Any CPU
		{688742F2-8B6D-4902-8F59-7F1CCA9A5B72}.Debug|Any CPU.ActiveCfg = Debug|Any CPU
		{688742F2-8B6D-4902-8F59-7F1CCA9A5B72}.Debug|Any CPU.Build.0 = Debug|Any CPU
		{688742F2-8B6D-4902-8F59-7F1CCA9A5B72}.Release|Any CPU.ActiveCfg = Release|Any CPU
		{688742F2-8B6D-4902-8F59-7F1CCA9A5B72}.Release|Any CPU.Build.0 = Release|Any CPU
	EndGlobalSection
	GlobalSection(SolutionProperties) = preSolution
		HideSolutionNode = FALSE
	EndGlobalSection
	GlobalSection(ExtensibilityGlobals) = postSolution
		SolutionGuid = {34C33EC6-A0E6-4FF2-894B-764CAFE6B0AC}
	EndGlobalSection
EndGlobal
